version: v2
locks:
  u/parag/eminent_script+14c5743531e3689c7d21f02adc897e38137997b30320b462016010eeb2a19ad3: 14c5743531e3689c7d21f02adc897e38137997b30320b462016010eeb2a19ad3
  u/parag/error_handling+3bae8700f4a5bd451e99d8cd3f1822b3b1250d673c00ee8cf42f00f5262060c3: 3bae8700f4a5bd451e99d8cd3f1822b3b1250d673c00ee8cf42f00f5262060c3
  u/parag/gainful_script+8b4c936105040f99cb775c6b3f1e31d52653de56ac42052bbecef27417f098b6: 8b4c936105040f99cb775c6b3f1e31d52653de56ac42052bbecef27417f098b6
  u/parag/register_user+3252c6b62c1ee0e4b89ff120a4c59a5c499e463ddc2ad8d71cf21bf5b4490bb7: 3252c6b62c1ee0e4b89ff120a4c59a5c499e463ddc2ad8d71cf21bf5b4490bb7
  u/parag/registration.flow+4675b86753fa187b9cac61548ca3ba807ef87b2453bad9d2c7ce99e03d53fab6: 4675b86753fa187b9cac61548ca3ba807ef87b2453bad9d2c7ce99e03d53fab6
  u/parag/registration.flow+57691876168e3842ee01a01c81cc09199dcdf30961bd3d73dad387341cba7b5b: 57691876168e3842ee01a01c81cc09199dcdf30961bd3d73dad387341cba7b5b
  u/parag/registration.flow+9d5d6be5bf018d594263c7610da1b79525c9930bbace55188b2a28d5cea67bdc: 9d5d6be5bf018d594263c7610da1b79525c9930bbace55188b2a28d5cea67bdc
  u/parag/registration/insert_user+1bb77ccfb18f7388b7091c03c510c33238127bc7b7864dae4684015bea3aab7e: 1bb77ccfb18f7388b7091c03c510c33238127bc7b7864dae4684015bea3aab7e
  u/parag/registration/insert_user+c470e72514a13c8fee9d79ae45a9228c048224fdc12bc79e2f026cb643241433: c470e72514a13c8fee9d79ae45a9228c048224fdc12bc79e2f026cb643241433
